
Microsoft Visual Studio Solution File, Format Version 12.00
# Visual Studio 15
VisualStudioVersion = 15.0.27703.2047
MinimumVisualStudioVersion = 10.0.40219.1
Project("{FAE04EC0-301F-11D3-BF4B-00C04F79EFBC}") = "DuckExample", "DuckExample\DuckExample.csproj", "{ECC681F1-45C1-4586-9028-01AA574AE4BE}"
EndProject
Project("{FAE04EC0-301F-11D3-BF4B-00C04F79EFBC}") = "WeatherStation", "WeatherStation\WeatherStation.csproj", "{3C52D9CA-16F3-47D8-9618-4AC6D6966C6A}"
EndProject
Global
	GlobalSection(SolutionConfigurationPlatforms) = preSolution
		Debug|Any CPU = Debug|Any CPU
		Release|Any CPU = Release|Any CPU
	EndGlobalSection
	GlobalSection(ProjectConfigurationPlatforms) = postSolution
		{ECC681F1-45C1-4586-9028-01AA574AE4BE}.Debug|Any CPU.ActiveCfg = Debug|Any CPU
		{ECC681F1-45C1-4586-9028-01AA574AE4BE}.Debug|Any CPU.Build.0 = Debug|Any CPU
		{ECC681F1-45C1-4586-9028-01AA574AE4BE}.Release|Any CPU.ActiveCfg = Release|Any CPU
		{ECC681F1-45C1-4586-9028-01AA574AE4BE}.Release|Any CPU.Build.0 = Release|Any CPU
		{3C52D9CA-16F3-47D8-9618-4AC6D6966C6A}.Debug|Any CPU.ActiveCfg = Debug|Any CPU
		{3C52D9CA-16F3-47D8-9618-4AC6D6966C6A}.Debug|Any CPU.Build.0 = Debug|Any CPU
		{3C52D9CA-16F3-47D8-9618-4AC6D6966C6A}.Release|Any CPU.ActiveCfg = Release|Any CPU
		{3C52D9CA-16F3-47D8-9618-4AC6D6966C6A}.Release|Any CPU.Build.0 = Release|Any CPU
	EndGlobalSection
	GlobalSection(SolutionProperties) = preSolution
		HideSolutionNode = FALSE
	EndGlobalSection
	GlobalSection(ExtensibilityGlobals) = postSolution
		SolutionGuid = {DF8932C7-FAD8-49AE-BD0F-57CE4A02184E}
	EndGlobalSection
EndGlobal
