
Microsoft Visual Studio Solution File, Format Version 12.00
# Visual Studio 15
VisualStudioVersion = 15.0.27703.2047
MinimumVisualStudioVersion = 10.0.40219.1
Project("{FAE04EC0-301F-11D3-BF4B-00C04F79EFBC}") = "DuckExample", "DuckExample\DuckExample.csproj", "{ECC681F1-45C1-4586-9028-01AA574AE4BE}"
EndProject
Project("{FAE04EC0-301F-11D3-BF4B-00C04F79EFBC}") = "WeatherStation", "WeatherStation\WeatherStation.csproj", "{3C52D9CA-16F3-47D8-9618-4AC6D6966C6A}"
EndProject
Project("{FAE04EC0-301F-11D3-BF4B-00C04F79EFBC}") = "Starbuzz", "Starbuzz\Starbuzz.csproj", "{D955E0DA-2B02-4CE6-B079-7ED9CEDAB4CA}"
EndProject
Project("{FAE04EC0-301F-11D3-BF4B-00C04F79EFBC}") = "PizzaStoreFactoryMethod", "PizzaStoreFactoryMethod\PizzaStoreFactoryMethod.csproj", "{3548BD9A-A397-4752-99B9-2F50E0D7B893}"
EndProject
Project("{FAE04EC0-301F-11D3-BF4B-00C04F79EFBC}") = "PizzaStoreSimpleFactory", "PizzaStoreSimpleFactory\PizzaStoreSimpleFactory.csproj", "{932250D8-6AEE-4765-9AB3-645FBBCAC2E9}"
EndProject
Project("{FAE04EC0-301F-11D3-BF4B-00C04F79EFBC}") = "PizzaStoreIngredientFactory", "PizzaStoreIngredientFactory\PizzaStoreIngredientFactory.csproj", "{704FE973-5476-4E40-97A5-431DE19D4CB2}"
EndProject
Project("{FAE04EC0-301F-11D3-BF4B-00C04F79EFBC}") = "RemoteControlCommand", "RemoteControlCommand\RemoteControlCommand.csproj", "{6430EF0A-2AAB-4EFD-981D-5CC808E3C78D}"
EndProject
Project("{FAE04EC0-301F-11D3-BF4B-00C04F79EFBC}") = "Adapter", "Adapter\Adapter.csproj", "{7E04AA81-1986-4D2E-A434-58A6EB580013}"
EndProject
Project("{FAE04EC0-301F-11D3-BF4B-00C04F79EFBC}") = "CaffeineBeverage.TemplateMethod", "CaffeineBeverage.TemplateMethod\CaffeineBeverage.TemplateMethod.csproj", "{E4865793-BE18-44C0-A63B-D1DAC0CA3C0A}"
EndProject
Global
	GlobalSection(SolutionConfigurationPlatforms) = preSolution
		Debug|Any CPU = Debug|Any CPU
		Release|Any CPU = Release|Any CPU
	EndGlobalSection
	GlobalSection(ProjectConfigurationPlatforms) = postSolution
		{ECC681F1-45C1-4586-9028-01AA574AE4BE}.Debug|Any CPU.ActiveCfg = Debug|Any CPU
		{ECC681F1-45C1-4586-9028-01AA574AE4BE}.Debug|Any CPU.Build.0 = Debug|Any CPU
		{ECC681F1-45C1-4586-9028-01AA574AE4BE}.Release|Any CPU.ActiveCfg = Release|Any CPU
		{ECC681F1-45C1-4586-9028-01AA574AE4BE}.Release|Any CPU.Build.0 = Release|Any CPU
		{3C52D9CA-16F3-47D8-9618-4AC6D6966C6A}.Debug|Any CPU.ActiveCfg = Debug|Any CPU
		{3C52D9CA-16F3-47D8-9618-4AC6D6966C6A}.Debug|Any CPU.Build.0 = Debug|Any CPU
		{3C52D9CA-16F3-47D8-9618-4AC6D6966C6A}.Release|Any CPU.ActiveCfg = Release|Any CPU
		{3C52D9CA-16F3-47D8-9618-4AC6D6966C6A}.Release|Any CPU.Build.0 = Release|Any CPU
		{D955E0DA-2B02-4CE6-B079-7ED9CEDAB4CA}.Debug|Any CPU.ActiveCfg = Debug|Any CPU
		{D955E0DA-2B02-4CE6-B079-7ED9CEDAB4CA}.Debug|Any CPU.Build.0 = Debug|Any CPU
		{D955E0DA-2B02-4CE6-B079-7ED9CEDAB4CA}.Release|Any CPU.ActiveCfg = Release|Any CPU
		{D955E0DA-2B02-4CE6-B079-7ED9CEDAB4CA}.Release|Any CPU.Build.0 = Release|Any CPU
		{3548BD9A-A397-4752-99B9-2F50E0D7B893}.Debug|Any CPU.ActiveCfg = Debug|Any CPU
		{3548BD9A-A397-4752-99B9-2F50E0D7B893}.Debug|Any CPU.Build.0 = Debug|Any CPU
		{3548BD9A-A397-4752-99B9-2F50E0D7B893}.Release|Any CPU.ActiveCfg = Release|Any CPU
		{3548BD9A-A397-4752-99B9-2F50E0D7B893}.Release|Any CPU.Build.0 = Release|Any CPU
		{932250D8-6AEE-4765-9AB3-645FBBCAC2E9}.Debug|Any CPU.ActiveCfg = Debug|Any CPU
		{932250D8-6AEE-4765-9AB3-645FBBCAC2E9}.Debug|Any CPU.Build.0 = Debug|Any CPU
		{932250D8-6AEE-4765-9AB3-645FBBCAC2E9}.Release|Any CPU.ActiveCfg = Release|Any CPU
		{932250D8-6AEE-4765-9AB3-645FBBCAC2E9}.Release|Any CPU.Build.0 = Release|Any CPU
		{704FE973-5476-4E40-97A5-431DE19D4CB2}.Debug|Any CPU.ActiveCfg = Debug|Any CPU
		{704FE973-5476-4E40-97A5-431DE19D4CB2}.Debug|Any CPU.Build.0 = Debug|Any CPU
		{704FE973-5476-4E40-97A5-431DE19D4CB2}.Release|Any CPU.ActiveCfg = Release|Any CPU
		{704FE973-5476-4E40-97A5-431DE19D4CB2}.Release|Any CPU.Build.0 = Release|Any CPU
		{6430EF0A-2AAB-4EFD-981D-5CC808E3C78D}.Debug|Any CPU.ActiveCfg = Debug|Any CPU
		{6430EF0A-2AAB-4EFD-981D-5CC808E3C78D}.Debug|Any CPU.Build.0 = Debug|Any CPU
		{6430EF0A-2AAB-4EFD-981D-5CC808E3C78D}.Release|Any CPU.ActiveCfg = Release|Any CPU
		{6430EF0A-2AAB-4EFD-981D-5CC808E3C78D}.Release|Any CPU.Build.0 = Release|Any CPU
		{7E04AA81-1986-4D2E-A434-58A6EB580013}.Debug|Any CPU.ActiveCfg = Debug|Any CPU
		{7E04AA81-1986-4D2E-A434-58A6EB580013}.Debug|Any CPU.Build.0 = Debug|Any CPU
		{7E04AA81-1986-4D2E-A434-58A6EB580013}.Release|Any CPU.ActiveCfg = Release|Any CPU
		{7E04AA81-1986-4D2E-A434-58A6EB580013}.Release|Any CPU.Build.0 = Release|Any CPU
		{E4865793-BE18-44C0-A63B-D1DAC0CA3C0A}.Debug|Any CPU.ActiveCfg = Debug|Any CPU
		{E4865793-BE18-44C0-A63B-D1DAC0CA3C0A}.Debug|Any CPU.Build.0 = Debug|Any CPU
		{E4865793-BE18-44C0-A63B-D1DAC0CA3C0A}.Release|Any CPU.ActiveCfg = Release|Any CPU
		{E4865793-BE18-44C0-A63B-D1DAC0CA3C0A}.Release|Any CPU.Build.0 = Release|Any CPU
	EndGlobalSection
	GlobalSection(SolutionProperties) = preSolution
		HideSolutionNode = FALSE
	EndGlobalSection
	GlobalSection(ExtensibilityGlobals) = postSolution
		SolutionGuid = {DF8932C7-FAD8-49AE-BD0F-57CE4A02184E}
	EndGlobalSection
EndGlobal
